{
  "requires": true,
  "lockfileVersion": 1,
  "dependencies": {
    "@fontsource/raleway": {
      "version": "4.5.9",
      "resolved": "https://registry.npmjs.org/@fontsource/raleway/-/raleway-4.5.9.tgz",
      "integrity": "sha512-K0GFmuJ5mlEX2czTzRHLyiO2dJDS+GGdtPkPOempss4ElgkYLYpgyqBMcJno5WeSOC9ABGMmtSJ6RtVVljUBzw=="
    }
  }
}
